github.com/Radicalius/scrapeops/shared v0.0.0-20240627042017-5cc6b9d526f8 h1:eLiuFowqXzkVl1FO79SomzvJNwW91kcjmf/Og9ZCOj0=
github.com/Radicalius/scrapeops/shared v0.0.0-20240627042017-5cc6b9d526f8/go.mod h1:+7vGaRQkIfwBy+jFRwqKm5UXdROj0Xwae5LMpBnHtRU=
github.com/Radicalius/scrapeops/shared v0.0.0-20240629154420-7bc9923a8e6a h1:T9O3Ezazg42J90ULyAgIk78TijpcSsCsbp7gvJLPlw8=
github.com/Radicalius/scrapeops/shared v0.0.0-20240629154420-7bc9923a8e6a/go.mod h1:+7vGaRQkIfwBy+jFRwqKm5UXdROj0Xwae5LMpBnHtRU=
github.com/mattn/go-sqlite3 v1.14.22 h1:2gZY6PC6kBnID23Tichd1K+Z0oS6nE/XwU+Vz/5o4kU=
github.com/mattn/go-sqlite3 v1.14.22/go.mod h1:Uh1q+B4BYcTPb+yiD3kU8Ct7aC0hY9fxUwlHK0RXw+Y=
